<?xml version="1.0" encoding="UTF-8" standalone="yes" ?>
<CodeBlocks_project_file>
   <FileVersion major="1" minor="6" />
   <Project>
      <Option title="Project" />
      <Option makefile_is_custom="1" />
      <Option compiler="gcc" />
      <Option virtualFolders="CMake Files\;CMake Files\..\;CMake Files\..\..\;CMake Files\..\..\..\;CMake Files\..\..\..\share\;CMake Files\..\..\..\share\cmake\;CMake Files\..\..\..\share\cmake\Modules\;CMake Files\util\;CMake Files\mesh\;CMake Files\mesh_function\;CMake Files\algorithm\;CMake Files\algorithm\src\;CMake Files\function\;CMake Files\function\include\;CMake Files\function\src\;CMake Files\optimizer\;CMake Files\optimizer\src\;CMake Files\optimizer\example\;CMake Files\math\;" />
      <Build>
      <Target title="all">
         <Option working_dir="/home/tfjiang/usr/geo_sim_sdk/branches/jtflib-build" />
         <Option type="4" />
         <MakeCommands>
            <Build command="/usr/bin/make -f &quot;/home/tfjiang/usr/geo_sim_sdk/branches/jtflib-build/Makefile&quot;  VERBOSE=1 all" />
            <CompileFile command="/usr/bin/make -f &quot;/home/tfjiang/usr/geo_sim_sdk/branches/jtflib-build/Makefile&quot;  VERBOSE=1 &quot;$file&quot;" />
            <Clean command="/usr/bin/make -f &quot;/home/tfjiang/usr/geo_sim_sdk/branches/jtflib-build/Makefile&quot;  VERBOSE=1 clean" />
            <DistClean command="/usr/bin/make -f &quot;/home/tfjiang/usr/geo_sim_sdk/branches/jtflib-build/Makefile&quot;  VERBOSE=1 clean" />
         </MakeCommands>
      </Target>
      <Target title="install">
         <Option working_dir="/home/tfjiang/usr/geo_sim_sdk/branches/jtflib-build" />
         <Option type="4" />
         <MakeCommands>
            <Build command="/usr/bin/make -f &quot;/home/tfjiang/usr/geo_sim_sdk/branches/jtflib-build/Makefile&quot;  VERBOSE=1 install" />
            <CompileFile command="/usr/bin/make -f &quot;/home/tfjiang/usr/geo_sim_sdk/branches/jtflib-build/Makefile&quot;  VERBOSE=1 &quot;$file&quot;" />
            <Clean command="/usr/bin/make -f &quot;/home/tfjiang/usr/geo_sim_sdk/branches/jtflib-build/Makefile&quot;  VERBOSE=1 clean" />
            <DistClean command="/usr/bin/make -f &quot;/home/tfjiang/usr/geo_sim_sdk/branches/jtflib-build/Makefile&quot;  VERBOSE=1 clean" />
         </MakeCommands>
      </Target>
      <Target title="install/local">
         <Option working_dir="/home/tfjiang/usr/geo_sim_sdk/branches/jtflib-build" />
         <Option type="4" />
         <MakeCommands>
            <Build command="/usr/bin/make -f &quot;/home/tfjiang/usr/geo_sim_sdk/branches/jtflib-build/Makefile&quot;  VERBOSE=1 install/local" />
            <CompileFile command="/usr/bin/make -f &quot;/home/tfjiang/usr/geo_sim_sdk/branches/jtflib-build/Makefile&quot;  VERBOSE=1 &quot;$file&quot;" />
            <Clean command="/usr/bin/make -f &quot;/home/tfjiang/usr/geo_sim_sdk/branches/jtflib-build/Makefile&quot;  VERBOSE=1 clean" />
            <DistClean command="/usr/bin/make -f &quot;/home/tfjiang/usr/geo_sim_sdk/branches/jtflib-build/Makefile&quot;  VERBOSE=1 clean" />
         </MakeCommands>
      </Target>
      <Target title="install/strip">
         <Option working_dir="/home/tfjiang/usr/geo_sim_sdk/branches/jtflib-build" />
         <Option type="4" />
         <MakeCommands>
            <Build command="/usr/bin/make -f &quot;/home/tfjiang/usr/geo_sim_sdk/branches/jtflib-build/Makefile&quot;  VERBOSE=1 install/strip" />
            <CompileFile command="/usr/bin/make -f &quot;/home/tfjiang/usr/geo_sim_sdk/branches/jtflib-build/Makefile&quot;  VERBOSE=1 &quot;$file&quot;" />
            <Clean command="/usr/bin/make -f &quot;/home/tfjiang/usr/geo_sim_sdk/branches/jtflib-build/Makefile&quot;  VERBOSE=1 clean" />
            <DistClean command="/usr/bin/make -f &quot;/home/tfjiang/usr/geo_sim_sdk/branches/jtflib-build/Makefile&quot;  VERBOSE=1 clean" />
         </MakeCommands>
      </Target>
      <Target title="list_install_components">
         <Option working_dir="/home/tfjiang/usr/geo_sim_sdk/branches/jtflib-build" />
         <Option type="4" />
         <MakeCommands>
            <Build command="/usr/bin/make -f &quot;/home/tfjiang/usr/geo_sim_sdk/branches/jtflib-build/Makefile&quot;  VERBOSE=1 list_install_components" />
            <CompileFile command="/usr/bin/make -f &quot;/home/tfjiang/usr/geo_sim_sdk/branches/jtflib-build/Makefile&quot;  VERBOSE=1 &quot;$file&quot;" />
            <Clean command="/usr/bin/make -f &quot;/home/tfjiang/usr/geo_sim_sdk/branches/jtflib-build/Makefile&quot;  VERBOSE=1 clean" />
            <DistClean command="/usr/bin/make -f &quot;/home/tfjiang/usr/geo_sim_sdk/branches/jtflib-build/Makefile&quot;  VERBOSE=1 clean" />
         </MakeCommands>
      </Target>
      <Target title="rebuild_cache">
         <Option working_dir="/home/tfjiang/usr/geo_sim_sdk/branches/jtflib-build" />
         <Option type="4" />
         <MakeCommands>
            <Build command="/usr/bin/make -f &quot;/home/tfjiang/usr/geo_sim_sdk/branches/jtflib-build/Makefile&quot;  VERBOSE=1 rebuild_cache" />
            <CompileFile command="/usr/bin/make -f &quot;/home/tfjiang/usr/geo_sim_sdk/branches/jtflib-build/Makefile&quot;  VERBOSE=1 &quot;$file&quot;" />
            <Clean command="/usr/bin/make -f &quot;/home/tfjiang/usr/geo_sim_sdk/branches/jtflib-build/Makefile&quot;  VERBOSE=1 clean" />
            <DistClean command="/usr/bin/make -f &quot;/home/tfjiang/usr/geo_sim_sdk/branches/jtflib-build/Makefile&quot;  VERBOSE=1 clean" />
         </MakeCommands>
      </Target>
      <Target title="jtf-util">
         <Option output="/home/tfjiang/usr/geo_sim_sdk/branches/jtflib-build/lib/libjtf-utild.so" prefix_auto="0" extension_auto="0" />
         <Option working_dir="/home/tfjiang/usr/geo_sim_sdk/branches/jtflib-build/util" />
         <Option object_output="./" />
         <Option type="3" />
         <Option compiler="gcc" />
         <Compiler>
            <Add directory="/home/tfjiang/usr/Linux/64/gcc4/include" />
            <Add directory="/home/tfjiang/usr/Linux/64/include" />
            <Add directory="/home/tfjiang/usr/Linux/include" />
            <Add directory="/home/tfjiang/usr/include" />
            <Add directory="/usr/include" />
            <Add directory="/usr/include/c++/4.8" />
            <Add directory="/usr/include/c++/4.8/backward" />
            <Add directory="/usr/include/x86_64-linux-gnu" />
            <Add directory="/usr/include/x86_64-linux-gnu/c++/4.8" />
            <Add directory="/usr/lib/gcc/x86_64-linux-gnu/4.8/include" />
            <Add directory="/usr/lib/gcc/x86_64-linux-gnu/4.8/include-fixed" />
            <Add directory="/usr/local/include" />
         </Compiler>
         <MakeCommands>
            <Build command="/usr/bin/make -f &quot;/home/tfjiang/usr/geo_sim_sdk/branches/jtflib-build/util/Makefile&quot;  VERBOSE=1 jtf-util" />
            <CompileFile command="/usr/bin/make -f &quot;/home/tfjiang/usr/geo_sim_sdk/branches/jtflib-build/util/Makefile&quot;  VERBOSE=1 &quot;$file&quot;" />
            <Clean command="/usr/bin/make -f &quot;/home/tfjiang/usr/geo_sim_sdk/branches/jtflib-build/util/Makefile&quot;  VERBOSE=1 clean" />
            <DistClean command="/usr/bin/make -f &quot;/home/tfjiang/usr/geo_sim_sdk/branches/jtflib-build/util/Makefile&quot;  VERBOSE=1 clean" />
         </MakeCommands>
      </Target>
      <Target title="jtf-util/fast">
         <Option output="/home/tfjiang/usr/geo_sim_sdk/branches/jtflib-build/lib/libjtf-utild.so" prefix_auto="0" extension_auto="0" />
         <Option working_dir="/home/tfjiang/usr/geo_sim_sdk/branches/jtflib-build/util" />
         <Option object_output="./" />
         <Option type="3" />
         <Option compiler="gcc" />
         <Compiler>
            <Add directory="/home/tfjiang/usr/Linux/64/gcc4/include" />
            <Add directory="/home/tfjiang/usr/Linux/64/include" />
            <Add directory="/home/tfjiang/usr/Linux/include" />
            <Add directory="/home/tfjiang/usr/include" />
            <Add directory="/usr/include" />
            <Add directory="/usr/include/c++/4.8" />
            <Add directory="/usr/include/c++/4.8/backward" />
            <Add directory="/usr/include/x86_64-linux-gnu" />
            <Add directory="/usr/include/x86_64-linux-gnu/c++/4.8" />
            <Add directory="/usr/lib/gcc/x86_64-linux-gnu/4.8/include" />
            <Add directory="/usr/lib/gcc/x86_64-linux-gnu/4.8/include-fixed" />
            <Add directory="/usr/local/include" />
         </Compiler>
         <MakeCommands>
            <Build command="/usr/bin/make -f &quot;/home/tfjiang/usr/geo_sim_sdk/branches/jtflib-build/util/Makefile&quot;  VERBOSE=1 jtf-util/fast" />
            <CompileFile command="/usr/bin/make -f &quot;/home/tfjiang/usr/geo_sim_sdk/branches/jtflib-build/util/Makefile&quot;  VERBOSE=1 &quot;$file&quot;" />
            <Clean command="/usr/bin/make -f &quot;/home/tfjiang/usr/geo_sim_sdk/branches/jtflib-build/util/Makefile&quot;  VERBOSE=1 clean" />
            <DistClean command="/usr/bin/make -f &quot;/home/tfjiang/usr/geo_sim_sdk/branches/jtflib-build/util/Makefile&quot;  VERBOSE=1 clean" />
         </MakeCommands>
      </Target>
      <Target title="jtf-mesh">
         <Option output="/home/tfjiang/usr/geo_sim_sdk/branches/jtflib-build/lib/libjtf-meshd.so" prefix_auto="0" extension_auto="0" />
         <Option working_dir="/home/tfjiang/usr/geo_sim_sdk/branches/jtflib-build/mesh" />
         <Option object_output="./" />
         <Option type="3" />
         <Option compiler="gcc" />
         <Compiler>
            <Add directory="/home/tfjiang/usr/Linux/64/gcc4/include" />
            <Add directory="/home/tfjiang/usr/Linux/64/include" />
            <Add directory="/home/tfjiang/usr/Linux/include" />
            <Add directory="/home/tfjiang/usr/include" />
            <Add directory="/usr/include" />
            <Add directory="/usr/include/c++/4.8" />
            <Add directory="/usr/include/c++/4.8/backward" />
            <Add directory="/usr/include/x86_64-linux-gnu" />
            <Add directory="/usr/include/x86_64-linux-gnu/c++/4.8" />
            <Add directory="/usr/lib/gcc/x86_64-linux-gnu/4.8/include" />
            <Add directory="/usr/lib/gcc/x86_64-linux-gnu/4.8/include-fixed" />
            <Add directory="/usr/local/include" />
         </Compiler>
         <MakeCommands>
            <Build command="/usr/bin/make -f &quot;/home/tfjiang/usr/geo_sim_sdk/branches/jtflib-build/mesh/Makefile&quot;  VERBOSE=1 jtf-mesh" />
            <CompileFile command="/usr/bin/make -f &quot;/home/tfjiang/usr/geo_sim_sdk/branches/jtflib-build/mesh/Makefile&quot;  VERBOSE=1 &quot;$file&quot;" />
            <Clean command="/usr/bin/make -f &quot;/home/tfjiang/usr/geo_sim_sdk/branches/jtflib-build/mesh/Makefile&quot;  VERBOSE=1 clean" />
            <DistClean command="/usr/bin/make -f &quot;/home/tfjiang/usr/geo_sim_sdk/branches/jtflib-build/mesh/Makefile&quot;  VERBOSE=1 clean" />
         </MakeCommands>
      </Target>
      <Target title="jtf-mesh/fast">
         <Option output="/home/tfjiang/usr/geo_sim_sdk/branches/jtflib-build/lib/libjtf-meshd.so" prefix_auto="0" extension_auto="0" />
         <Option working_dir="/home/tfjiang/usr/geo_sim_sdk/branches/jtflib-build/mesh" />
         <Option object_output="./" />
         <Option type="3" />
         <Option compiler="gcc" />
         <Compiler>
            <Add directory="/home/tfjiang/usr/Linux/64/gcc4/include" />
            <Add directory="/home/tfjiang/usr/Linux/64/include" />
            <Add directory="/home/tfjiang/usr/Linux/include" />
            <Add directory="/home/tfjiang/usr/include" />
            <Add directory="/usr/include" />
            <Add directory="/usr/include/c++/4.8" />
            <Add directory="/usr/include/c++/4.8/backward" />
            <Add directory="/usr/include/x86_64-linux-gnu" />
            <Add directory="/usr/include/x86_64-linux-gnu/c++/4.8" />
            <Add directory="/usr/lib/gcc/x86_64-linux-gnu/4.8/include" />
            <Add directory="/usr/lib/gcc/x86_64-linux-gnu/4.8/include-fixed" />
            <Add directory="/usr/local/include" />
         </Compiler>
         <MakeCommands>
            <Build command="/usr/bin/make -f &quot;/home/tfjiang/usr/geo_sim_sdk/branches/jtflib-build/mesh/Makefile&quot;  VERBOSE=1 jtf-mesh/fast" />
            <CompileFile command="/usr/bin/make -f &quot;/home/tfjiang/usr/geo_sim_sdk/branches/jtflib-build/mesh/Makefile&quot;  VERBOSE=1 &quot;$file&quot;" />
            <Clean command="/usr/bin/make -f &quot;/home/tfjiang/usr/geo_sim_sdk/branches/jtflib-build/mesh/Makefile&quot;  VERBOSE=1 clean" />
            <DistClean command="/usr/bin/make -f &quot;/home/tfjiang/usr/geo_sim_sdk/branches/jtflib-build/mesh/Makefile&quot;  VERBOSE=1 clean" />
         </MakeCommands>
      </Target>
      <Target title="mesh_function">
         <Option working_dir="/home/tfjiang/usr/geo_sim_sdk/branches/jtflib-build/mesh_function" />
         <Option type="4" />
         <MakeCommands>
            <Build command="/usr/bin/make -f &quot;/home/tfjiang/usr/geo_sim_sdk/branches/jtflib-build/mesh_function/Makefile&quot;  VERBOSE=1 mesh_function" />
            <CompileFile command="/usr/bin/make -f &quot;/home/tfjiang/usr/geo_sim_sdk/branches/jtflib-build/mesh_function/Makefile&quot;  VERBOSE=1 &quot;$file&quot;" />
            <Clean command="/usr/bin/make -f &quot;/home/tfjiang/usr/geo_sim_sdk/branches/jtflib-build/mesh_function/Makefile&quot;  VERBOSE=1 clean" />
            <DistClean command="/usr/bin/make -f &quot;/home/tfjiang/usr/geo_sim_sdk/branches/jtflib-build/mesh_function/Makefile&quot;  VERBOSE=1 clean" />
         </MakeCommands>
      </Target>
      <Target title="test">
         <Option output="/home/tfjiang/usr/geo_sim_sdk/branches/jtflib-build/bin/test" prefix_auto="0" extension_auto="0" />
         <Option working_dir="/home/tfjiang/usr/geo_sim_sdk/branches/jtflib-build/bin" />
         <Option object_output="./" />
         <Option type="1" />
         <Option compiler="gcc" />
         <Compiler>
            <Add directory="/home/tfjiang/usr/Linux/64/gcc4/include" />
            <Add directory="/home/tfjiang/usr/Linux/64/include" />
            <Add directory="/home/tfjiang/usr/Linux/include" />
            <Add directory="/home/tfjiang/usr/include" />
            <Add directory="/usr/include" />
            <Add directory="/usr/include/c++/4.8" />
            <Add directory="/usr/include/c++/4.8/backward" />
            <Add directory="/usr/include/x86_64-linux-gnu" />
            <Add directory="/usr/include/x86_64-linux-gnu/c++/4.8" />
            <Add directory="/usr/lib/gcc/x86_64-linux-gnu/4.8/include" />
            <Add directory="/usr/lib/gcc/x86_64-linux-gnu/4.8/include-fixed" />
            <Add directory="/usr/local/include" />
         </Compiler>
         <MakeCommands>
            <Build command="/usr/bin/make -f &quot;/home/tfjiang/usr/geo_sim_sdk/branches/jtflib-build/algorithm/src/Makefile&quot;  VERBOSE=1 test" />
            <CompileFile command="/usr/bin/make -f &quot;/home/tfjiang/usr/geo_sim_sdk/branches/jtflib-build/algorithm/src/Makefile&quot;  VERBOSE=1 &quot;$file&quot;" />
            <Clean command="/usr/bin/make -f &quot;/home/tfjiang/usr/geo_sim_sdk/branches/jtflib-build/algorithm/src/Makefile&quot;  VERBOSE=1 clean" />
            <DistClean command="/usr/bin/make -f &quot;/home/tfjiang/usr/geo_sim_sdk/branches/jtflib-build/algorithm/src/Makefile&quot;  VERBOSE=1 clean" />
         </MakeCommands>
      </Target>
      <Target title="test/fast">
         <Option output="/home/tfjiang/usr/geo_sim_sdk/branches/jtflib-build/bin/test" prefix_auto="0" extension_auto="0" />
         <Option working_dir="/home/tfjiang/usr/geo_sim_sdk/branches/jtflib-build/bin" />
         <Option object_output="./" />
         <Option type="1" />
         <Option compiler="gcc" />
         <Compiler>
            <Add directory="/home/tfjiang/usr/Linux/64/gcc4/include" />
            <Add directory="/home/tfjiang/usr/Linux/64/include" />
            <Add directory="/home/tfjiang/usr/Linux/include" />
            <Add directory="/home/tfjiang/usr/include" />
            <Add directory="/usr/include" />
            <Add directory="/usr/include/c++/4.8" />
            <Add directory="/usr/include/c++/4.8/backward" />
            <Add directory="/usr/include/x86_64-linux-gnu" />
            <Add directory="/usr/include/x86_64-linux-gnu/c++/4.8" />
            <Add directory="/usr/lib/gcc/x86_64-linux-gnu/4.8/include" />
            <Add directory="/usr/lib/gcc/x86_64-linux-gnu/4.8/include-fixed" />
            <Add directory="/usr/local/include" />
         </Compiler>
         <MakeCommands>
            <Build command="/usr/bin/make -f &quot;/home/tfjiang/usr/geo_sim_sdk/branches/jtflib-build/algorithm/src/Makefile&quot;  VERBOSE=1 test/fast" />
            <CompileFile command="/usr/bin/make -f &quot;/home/tfjiang/usr/geo_sim_sdk/branches/jtflib-build/algorithm/src/Makefile&quot;  VERBOSE=1 &quot;$file&quot;" />
            <Clean command="/usr/bin/make -f &quot;/home/tfjiang/usr/geo_sim_sdk/branches/jtflib-build/algorithm/src/Makefile&quot;  VERBOSE=1 clean" />
            <DistClean command="/usr/bin/make -f &quot;/home/tfjiang/usr/geo_sim_sdk/branches/jtflib-build/algorithm/src/Makefile&quot;  VERBOSE=1 clean" />
         </MakeCommands>
      </Target>
      <Target title="include">
         <Option working_dir="/home/tfjiang/usr/geo_sim_sdk/branches/jtflib-build/function/include" />
         <Option type="4" />
         <MakeCommands>
            <Build command="/usr/bin/make -f &quot;/home/tfjiang/usr/geo_sim_sdk/branches/jtflib-build/function/include/Makefile&quot;  VERBOSE=1 include" />
            <CompileFile command="/usr/bin/make -f &quot;/home/tfjiang/usr/geo_sim_sdk/branches/jtflib-build/function/include/Makefile&quot;  VERBOSE=1 &quot;$file&quot;" />
            <Clean command="/usr/bin/make -f &quot;/home/tfjiang/usr/geo_sim_sdk/branches/jtflib-build/function/include/Makefile&quot;  VERBOSE=1 clean" />
            <DistClean command="/usr/bin/make -f &quot;/home/tfjiang/usr/geo_sim_sdk/branches/jtflib-build/function/include/Makefile&quot;  VERBOSE=1 clean" />
         </MakeCommands>
      </Target>
      <Target title="jtf-function">
         <Option output="/home/tfjiang/usr/geo_sim_sdk/branches/jtflib-build/lib/libjtf-functiond.so" prefix_auto="0" extension_auto="0" />
         <Option working_dir="/home/tfjiang/usr/geo_sim_sdk/branches/jtflib-build/function/src" />
         <Option object_output="./" />
         <Option type="3" />
         <Option compiler="gcc" />
         <Compiler>
            <Add directory="/home/tfjiang/usr/Linux/64/gcc4/include" />
            <Add directory="/home/tfjiang/usr/Linux/64/include" />
            <Add directory="/home/tfjiang/usr/Linux/include" />
            <Add directory="/home/tfjiang/usr/include" />
            <Add directory="/usr/include" />
            <Add directory="/usr/include/c++/4.8" />
            <Add directory="/usr/include/c++/4.8/backward" />
            <Add directory="/usr/include/x86_64-linux-gnu" />
            <Add directory="/usr/include/x86_64-linux-gnu/c++/4.8" />
            <Add directory="/usr/lib/gcc/x86_64-linux-gnu/4.8/include" />
            <Add directory="/usr/lib/gcc/x86_64-linux-gnu/4.8/include-fixed" />
            <Add directory="/usr/local/include" />
         </Compiler>
         <MakeCommands>
            <Build command="/usr/bin/make -f &quot;/home/tfjiang/usr/geo_sim_sdk/branches/jtflib-build/function/src/Makefile&quot;  VERBOSE=1 jtf-function" />
            <CompileFile command="/usr/bin/make -f &quot;/home/tfjiang/usr/geo_sim_sdk/branches/jtflib-build/function/src/Makefile&quot;  VERBOSE=1 &quot;$file&quot;" />
            <Clean command="/usr/bin/make -f &quot;/home/tfjiang/usr/geo_sim_sdk/branches/jtflib-build/function/src/Makefile&quot;  VERBOSE=1 clean" />
            <DistClean command="/usr/bin/make -f &quot;/home/tfjiang/usr/geo_sim_sdk/branches/jtflib-build/function/src/Makefile&quot;  VERBOSE=1 clean" />
         </MakeCommands>
      </Target>
      <Target title="jtf-function/fast">
         <Option output="/home/tfjiang/usr/geo_sim_sdk/branches/jtflib-build/lib/libjtf-functiond.so" prefix_auto="0" extension_auto="0" />
         <Option working_dir="/home/tfjiang/usr/geo_sim_sdk/branches/jtflib-build/function/src" />
         <Option object_output="./" />
         <Option type="3" />
         <Option compiler="gcc" />
         <Compiler>
            <Add directory="/home/tfjiang/usr/Linux/64/gcc4/include" />
            <Add directory="/home/tfjiang/usr/Linux/64/include" />
            <Add directory="/home/tfjiang/usr/Linux/include" />
            <Add directory="/home/tfjiang/usr/include" />
            <Add directory="/usr/include" />
            <Add directory="/usr/include/c++/4.8" />
            <Add directory="/usr/include/c++/4.8/backward" />
            <Add directory="/usr/include/x86_64-linux-gnu" />
            <Add directory="/usr/include/x86_64-linux-gnu/c++/4.8" />
            <Add directory="/usr/lib/gcc/x86_64-linux-gnu/4.8/include" />
            <Add directory="/usr/lib/gcc/x86_64-linux-gnu/4.8/include-fixed" />
            <Add directory="/usr/local/include" />
         </Compiler>
         <MakeCommands>
            <Build command="/usr/bin/make -f &quot;/home/tfjiang/usr/geo_sim_sdk/branches/jtflib-build/function/src/Makefile&quot;  VERBOSE=1 jtf-function/fast" />
            <CompileFile command="/usr/bin/make -f &quot;/home/tfjiang/usr/geo_sim_sdk/branches/jtflib-build/function/src/Makefile&quot;  VERBOSE=1 &quot;$file&quot;" />
            <Clean command="/usr/bin/make -f &quot;/home/tfjiang/usr/geo_sim_sdk/branches/jtflib-build/function/src/Makefile&quot;  VERBOSE=1 clean" />
            <DistClean command="/usr/bin/make -f &quot;/home/tfjiang/usr/geo_sim_sdk/branches/jtflib-build/function/src/Makefile&quot;  VERBOSE=1 clean" />
         </MakeCommands>
      </Target>
      <Target title="jtf-optimizer">
         <Option output="/home/tfjiang/usr/geo_sim_sdk/branches/jtflib-build/lib/libjtf-optimizerd.so" prefix_auto="0" extension_auto="0" />
         <Option working_dir="/home/tfjiang/usr/geo_sim_sdk/branches/jtflib-build/optimizer/src" />
         <Option object_output="./" />
         <Option type="3" />
         <Option compiler="gcc" />
         <Compiler>
            <Add directory="/home/tfjiang/usr/Linux/64/gcc4/include" />
            <Add directory="/home/tfjiang/usr/Linux/64/include" />
            <Add directory="/home/tfjiang/usr/Linux/include" />
            <Add directory="/home/tfjiang/usr/geo_sim_sdk/branches/jtflib/optimizer/include" />
            <Add directory="/home/tfjiang/usr/include" />
            <Add directory="/usr/include" />
            <Add directory="/usr/include/c++/4.8" />
            <Add directory="/usr/include/c++/4.8/backward" />
            <Add directory="/usr/include/petsc" />
            <Add directory="/usr/include/x86_64-linux-gnu" />
            <Add directory="/usr/include/x86_64-linux-gnu/c++/4.8" />
            <Add directory="/usr/lib/gcc/x86_64-linux-gnu/4.8/include" />
            <Add directory="/usr/lib/gcc/x86_64-linux-gnu/4.8/include-fixed" />
            <Add directory="/usr/lib/openmpi/include" />
            <Add directory="/usr/lib/openmpi/lib" />
            <Add directory="/usr/local/include" />
         </Compiler>
         <MakeCommands>
            <Build command="/usr/bin/make -f &quot;/home/tfjiang/usr/geo_sim_sdk/branches/jtflib-build/optimizer/src/Makefile&quot;  VERBOSE=1 jtf-optimizer" />
            <CompileFile command="/usr/bin/make -f &quot;/home/tfjiang/usr/geo_sim_sdk/branches/jtflib-build/optimizer/src/Makefile&quot;  VERBOSE=1 &quot;$file&quot;" />
            <Clean command="/usr/bin/make -f &quot;/home/tfjiang/usr/geo_sim_sdk/branches/jtflib-build/optimizer/src/Makefile&quot;  VERBOSE=1 clean" />
            <DistClean command="/usr/bin/make -f &quot;/home/tfjiang/usr/geo_sim_sdk/branches/jtflib-build/optimizer/src/Makefile&quot;  VERBOSE=1 clean" />
         </MakeCommands>
      </Target>
      <Target title="jtf-optimizer/fast">
         <Option output="/home/tfjiang/usr/geo_sim_sdk/branches/jtflib-build/lib/libjtf-optimizerd.so" prefix_auto="0" extension_auto="0" />
         <Option working_dir="/home/tfjiang/usr/geo_sim_sdk/branches/jtflib-build/optimizer/src" />
         <Option object_output="./" />
         <Option type="3" />
         <Option compiler="gcc" />
         <Compiler>
            <Add directory="/home/tfjiang/usr/Linux/64/gcc4/include" />
            <Add directory="/home/tfjiang/usr/Linux/64/include" />
            <Add directory="/home/tfjiang/usr/Linux/include" />
            <Add directory="/home/tfjiang/usr/geo_sim_sdk/branches/jtflib/optimizer/include" />
            <Add directory="/home/tfjiang/usr/include" />
            <Add directory="/usr/include" />
            <Add directory="/usr/include/c++/4.8" />
            <Add directory="/usr/include/c++/4.8/backward" />
            <Add directory="/usr/include/petsc" />
            <Add directory="/usr/include/x86_64-linux-gnu" />
            <Add directory="/usr/include/x86_64-linux-gnu/c++/4.8" />
            <Add directory="/usr/lib/gcc/x86_64-linux-gnu/4.8/include" />
            <Add directory="/usr/lib/gcc/x86_64-linux-gnu/4.8/include-fixed" />
            <Add directory="/usr/lib/openmpi/include" />
            <Add directory="/usr/lib/openmpi/lib" />
            <Add directory="/usr/local/include" />
         </Compiler>
         <MakeCommands>
            <Build command="/usr/bin/make -f &quot;/home/tfjiang/usr/geo_sim_sdk/branches/jtflib-build/optimizer/src/Makefile&quot;  VERBOSE=1 jtf-optimizer/fast" />
            <CompileFile command="/usr/bin/make -f &quot;/home/tfjiang/usr/geo_sim_sdk/branches/jtflib-build/optimizer/src/Makefile&quot;  VERBOSE=1 &quot;$file&quot;" />
            <Clean command="/usr/bin/make -f &quot;/home/tfjiang/usr/geo_sim_sdk/branches/jtflib-build/optimizer/src/Makefile&quot;  VERBOSE=1 clean" />
            <DistClean command="/usr/bin/make -f &quot;/home/tfjiang/usr/geo_sim_sdk/branches/jtflib-build/optimizer/src/Makefile&quot;  VERBOSE=1 clean" />
         </MakeCommands>
      </Target>
      <Target title="example">
         <Option output="/home/tfjiang/usr/geo_sim_sdk/branches/jtflib-build/bin/example" prefix_auto="0" extension_auto="0" />
         <Option working_dir="/home/tfjiang/usr/geo_sim_sdk/branches/jtflib-build/bin" />
         <Option object_output="./" />
         <Option type="1" />
         <Option compiler="gcc" />
         <Compiler>
            <Add directory="/home/tfjiang/usr/Linux/64/gcc4/include" />
            <Add directory="/home/tfjiang/usr/Linux/64/include" />
            <Add directory="/home/tfjiang/usr/Linux/include" />
            <Add directory="/home/tfjiang/usr/geo_sim_sdk/branches/jtflib/optimizer/include" />
            <Add directory="/home/tfjiang/usr/include" />
            <Add directory="/usr/include" />
            <Add directory="/usr/include/c++/4.8" />
            <Add directory="/usr/include/c++/4.8/backward" />
            <Add directory="/usr/include/petsc" />
            <Add directory="/usr/include/x86_64-linux-gnu" />
            <Add directory="/usr/include/x86_64-linux-gnu/c++/4.8" />
            <Add directory="/usr/lib/gcc/x86_64-linux-gnu/4.8/include" />
            <Add directory="/usr/lib/gcc/x86_64-linux-gnu/4.8/include-fixed" />
            <Add directory="/usr/lib/openmpi/include" />
            <Add directory="/usr/lib/openmpi/lib" />
            <Add directory="/usr/local/include" />
         </Compiler>
         <MakeCommands>
            <Build command="/usr/bin/make -f &quot;/home/tfjiang/usr/geo_sim_sdk/branches/jtflib-build/optimizer/example/Makefile&quot;  VERBOSE=1 example" />
            <CompileFile command="/usr/bin/make -f &quot;/home/tfjiang/usr/geo_sim_sdk/branches/jtflib-build/optimizer/example/Makefile&quot;  VERBOSE=1 &quot;$file&quot;" />
            <Clean command="/usr/bin/make -f &quot;/home/tfjiang/usr/geo_sim_sdk/branches/jtflib-build/optimizer/example/Makefile&quot;  VERBOSE=1 clean" />
            <DistClean command="/usr/bin/make -f &quot;/home/tfjiang/usr/geo_sim_sdk/branches/jtflib-build/optimizer/example/Makefile&quot;  VERBOSE=1 clean" />
         </MakeCommands>
      </Target>
      <Target title="example/fast">
         <Option output="/home/tfjiang/usr/geo_sim_sdk/branches/jtflib-build/bin/example" prefix_auto="0" extension_auto="0" />
         <Option working_dir="/home/tfjiang/usr/geo_sim_sdk/branches/jtflib-build/bin" />
         <Option object_output="./" />
         <Option type="1" />
         <Option compiler="gcc" />
         <Compiler>
            <Add directory="/home/tfjiang/usr/Linux/64/gcc4/include" />
            <Add directory="/home/tfjiang/usr/Linux/64/include" />
            <Add directory="/home/tfjiang/usr/Linux/include" />
            <Add directory="/home/tfjiang/usr/geo_sim_sdk/branches/jtflib/optimizer/include" />
            <Add directory="/home/tfjiang/usr/include" />
            <Add directory="/usr/include" />
            <Add directory="/usr/include/c++/4.8" />
            <Add directory="/usr/include/c++/4.8/backward" />
            <Add directory="/usr/include/petsc" />
            <Add directory="/usr/include/x86_64-linux-gnu" />
            <Add directory="/usr/include/x86_64-linux-gnu/c++/4.8" />
            <Add directory="/usr/lib/gcc/x86_64-linux-gnu/4.8/include" />
            <Add directory="/usr/lib/gcc/x86_64-linux-gnu/4.8/include-fixed" />
            <Add directory="/usr/lib/openmpi/include" />
            <Add directory="/usr/lib/openmpi/lib" />
            <Add directory="/usr/local/include" />
         </Compiler>
         <MakeCommands>
            <Build command="/usr/bin/make -f &quot;/home/tfjiang/usr/geo_sim_sdk/branches/jtflib-build/optimizer/example/Makefile&quot;  VERBOSE=1 example/fast" />
            <CompileFile command="/usr/bin/make -f &quot;/home/tfjiang/usr/geo_sim_sdk/branches/jtflib-build/optimizer/example/Makefile&quot;  VERBOSE=1 &quot;$file&quot;" />
            <Clean command="/usr/bin/make -f &quot;/home/tfjiang/usr/geo_sim_sdk/branches/jtflib-build/optimizer/example/Makefile&quot;  VERBOSE=1 clean" />
            <DistClean command="/usr/bin/make -f &quot;/home/tfjiang/usr/geo_sim_sdk/branches/jtflib-build/optimizer/example/Makefile&quot;  VERBOSE=1 clean" />
         </MakeCommands>
      </Target>
      <Target title="jtf-math">
         <Option output="/home/tfjiang/usr/geo_sim_sdk/branches/jtflib-build/lib/libjtf-mathd.so" prefix_auto="0" extension_auto="0" />
         <Option working_dir="/home/tfjiang/usr/geo_sim_sdk/branches/jtflib-build/math" />
         <Option object_output="./" />
         <Option type="3" />
         <Option compiler="gcc" />
         <Compiler>
            <Add directory="/home/tfjiang/usr/Linux/64/gcc4/include" />
            <Add directory="/home/tfjiang/usr/Linux/64/include" />
            <Add directory="/home/tfjiang/usr/Linux/include" />
            <Add directory="/home/tfjiang/usr/include" />
            <Add directory="/usr/include" />
            <Add directory="/usr/include/c++/4.8" />
            <Add directory="/usr/include/c++/4.8/backward" />
            <Add directory="/usr/include/x86_64-linux-gnu" />
            <Add directory="/usr/include/x86_64-linux-gnu/c++/4.8" />
            <Add directory="/usr/lib/gcc/x86_64-linux-gnu/4.8/include" />
            <Add directory="/usr/lib/gcc/x86_64-linux-gnu/4.8/include-fixed" />
            <Add directory="/usr/local/include" />
         </Compiler>
         <MakeCommands>
            <Build command="/usr/bin/make -f &quot;/home/tfjiang/usr/geo_sim_sdk/branches/jtflib-build/math/Makefile&quot;  VERBOSE=1 jtf-math" />
            <CompileFile command="/usr/bin/make -f &quot;/home/tfjiang/usr/geo_sim_sdk/branches/jtflib-build/math/Makefile&quot;  VERBOSE=1 &quot;$file&quot;" />
            <Clean command="/usr/bin/make -f &quot;/home/tfjiang/usr/geo_sim_sdk/branches/jtflib-build/math/Makefile&quot;  VERBOSE=1 clean" />
            <DistClean command="/usr/bin/make -f &quot;/home/tfjiang/usr/geo_sim_sdk/branches/jtflib-build/math/Makefile&quot;  VERBOSE=1 clean" />
         </MakeCommands>
      </Target>
      <Target title="jtf-math/fast">
         <Option output="/home/tfjiang/usr/geo_sim_sdk/branches/jtflib-build/lib/libjtf-mathd.so" prefix_auto="0" extension_auto="0" />
         <Option working_dir="/home/tfjiang/usr/geo_sim_sdk/branches/jtflib-build/math" />
         <Option object_output="./" />
         <Option type="3" />
         <Option compiler="gcc" />
         <Compiler>
            <Add directory="/home/tfjiang/usr/Linux/64/gcc4/include" />
            <Add directory="/home/tfjiang/usr/Linux/64/include" />
            <Add directory="/home/tfjiang/usr/Linux/include" />
            <Add directory="/home/tfjiang/usr/include" />
            <Add directory="/usr/include" />
            <Add directory="/usr/include/c++/4.8" />
            <Add directory="/usr/include/c++/4.8/backward" />
            <Add directory="/usr/include/x86_64-linux-gnu" />
            <Add directory="/usr/include/x86_64-linux-gnu/c++/4.8" />
            <Add directory="/usr/lib/gcc/x86_64-linux-gnu/4.8/include" />
            <Add directory="/usr/lib/gcc/x86_64-linux-gnu/4.8/include-fixed" />
            <Add directory="/usr/local/include" />
         </Compiler>
         <MakeCommands>
            <Build command="/usr/bin/make -f &quot;/home/tfjiang/usr/geo_sim_sdk/branches/jtflib-build/math/Makefile&quot;  VERBOSE=1 jtf-math/fast" />
            <CompileFile command="/usr/bin/make -f &quot;/home/tfjiang/usr/geo_sim_sdk/branches/jtflib-build/math/Makefile&quot;  VERBOSE=1 &quot;$file&quot;" />
            <Clean command="/usr/bin/make -f &quot;/home/tfjiang/usr/geo_sim_sdk/branches/jtflib-build/math/Makefile&quot;  VERBOSE=1 clean" />
            <DistClean command="/usr/bin/make -f &quot;/home/tfjiang/usr/geo_sim_sdk/branches/jtflib-build/math/Makefile&quot;  VERBOSE=1 clean" />
         </MakeCommands>
      </Target>
      </Build>
      <Unit filename="/home/tfjiang/usr/geo_sim_sdk/branches/jtflib/algorithm/src/main.cpp">
      </Unit>
      <Unit filename="/home/tfjiang/usr/geo_sim_sdk/branches/jtflib/function/src/convertion.cpp">
      </Unit>
      <Unit filename="/home/tfjiang/usr/geo_sim_sdk/branches/jtflib/function/src/func_aux.cpp">
      </Unit>
      <Unit filename="/home/tfjiang/usr/geo_sim_sdk/branches/jtflib/function/src/least_square.cpp">
      </Unit>
      <Unit filename="/home/tfjiang/usr/geo_sim_sdk/branches/jtflib/function/src/neg_log.cpp">
      </Unit>
      <Unit filename="/home/tfjiang/usr/geo_sim_sdk/branches/jtflib/function/src/pow_func.cpp">
      </Unit>
      <Unit filename="/home/tfjiang/usr/geo_sim_sdk/branches/jtflib/math/src/null.cpp">
      </Unit>
      <Unit filename="/home/tfjiang/usr/geo_sim_sdk/branches/jtflib/mesh/src/io.cpp">
      </Unit>
      <Unit filename="/home/tfjiang/usr/geo_sim_sdk/branches/jtflib/mesh/src/mesh.cpp">
      </Unit>
      <Unit filename="/home/tfjiang/usr/geo_sim_sdk/branches/jtflib/mesh/src/util.cpp">
      </Unit>
      <Unit filename="/home/tfjiang/usr/geo_sim_sdk/branches/jtflib/optimizer/example/gmres_test.cpp">
      </Unit>
      <Unit filename="/home/tfjiang/usr/geo_sim_sdk/branches/jtflib/optimizer/example/main.cpp">
      </Unit>
      <Unit filename="/home/tfjiang/usr/geo_sim_sdk/branches/jtflib/optimizer/example/qmr_test.cpp">
      </Unit>
      <Unit filename="/home/tfjiang/usr/geo_sim_sdk/branches/jtflib/optimizer/src/KKT.cpp">
      </Unit>
      <Unit filename="/home/tfjiang/usr/geo_sim_sdk/branches/jtflib/optimizer/src/SQP.cpp">
      </Unit>
      <Unit filename="/home/tfjiang/usr/geo_sim_sdk/branches/jtflib/optimizer/src/gmres.cpp">
      </Unit>
      <Unit filename="/home/tfjiang/usr/geo_sim_sdk/branches/jtflib/optimizer/src/lbfgs.cpp">
      </Unit>
      <Unit filename="/home/tfjiang/usr/geo_sim_sdk/branches/jtflib/optimizer/src/optimizer.cpp">
      </Unit>
      <Unit filename="/home/tfjiang/usr/geo_sim_sdk/branches/jtflib/optimizer/src/precondition.cpp">
      </Unit>
      <Unit filename="/home/tfjiang/usr/geo_sim_sdk/branches/jtflib/optimizer/src/qmr.cpp">
      </Unit>
      <Unit filename="/home/tfjiang/usr/geo_sim_sdk/branches/jtflib/util/src/util.cpp">
      </Unit>
      <Unit filename="/home/tfjiang/usr/geo_sim_sdk/branches/jtflib/function/include/func_aux.h">
      </Unit>
      <Unit filename="/home/tfjiang/usr/geo_sim_sdk/branches/jtflib/function/include/function.h">
      </Unit>
      <Unit filename="/home/tfjiang/usr/geo_sim_sdk/branches/jtflib/function/include/operation.h">
      </Unit>
      <Unit filename="/home/tfjiang/usr/geo_sim_sdk/branches/jtflib/function/src/least_square.h">
      </Unit>
      <Unit filename="/home/tfjiang/usr/geo_sim_sdk/branches/jtflib/function/src/neg_log.h">
      </Unit>
      <Unit filename="/home/tfjiang/usr/geo_sim_sdk/branches/jtflib/function/src/pow_func.h">
      </Unit>
      <Unit filename="/home/tfjiang/usr/geo_sim_sdk/branches/jtflib/math/include/math.h">
      </Unit>
      <Unit filename="/home/tfjiang/usr/geo_sim_sdk/branches/jtflib/math/include/null.h">
      </Unit>
      <Unit filename="/home/tfjiang/usr/geo_sim_sdk/branches/jtflib/mesh/include/feature.h">
      </Unit>
      <Unit filename="/home/tfjiang/usr/geo_sim_sdk/branches/jtflib/mesh/include/io.h">
      </Unit>
      <Unit filename="/home/tfjiang/usr/geo_sim_sdk/branches/jtflib/mesh/include/mesh.h">
      </Unit>
      <Unit filename="/home/tfjiang/usr/geo_sim_sdk/branches/jtflib/mesh/include/trimesh.h">
      </Unit>
      <Unit filename="/home/tfjiang/usr/geo_sim_sdk/branches/jtflib/mesh/include/util.h">
      </Unit>
      <Unit filename="/home/tfjiang/usr/geo_sim_sdk/branches/jtflib/mesh/include/weighting.h">
      </Unit>
      <Unit filename="/home/tfjiang/usr/geo_sim_sdk/branches/jtflib/mesh_function/mesh_function.h">
      </Unit>
      <Unit filename="/home/tfjiang/usr/geo_sim_sdk/branches/jtflib/optimizer/src/KKT.h">
      </Unit>
      <Unit filename="/home/tfjiang/usr/geo_sim_sdk/branches/jtflib/optimizer/src/SQP.h">
      </Unit>
      <Unit filename="/home/tfjiang/usr/geo_sim_sdk/branches/jtflib/optimizer/src/func2opt.h">
      </Unit>
      <Unit filename="/home/tfjiang/usr/geo_sim_sdk/branches/jtflib/optimizer/src/gmres.h">
      </Unit>
      <Unit filename="/home/tfjiang/usr/geo_sim_sdk/branches/jtflib/optimizer/src/lbfgs.h">
      </Unit>
      <Unit filename="/home/tfjiang/usr/geo_sim_sdk/branches/jtflib/optimizer/src/precondition.h">
      </Unit>
      <Unit filename="/home/tfjiang/usr/geo_sim_sdk/branches/jtflib/optimizer/src/qmr.h">
      </Unit>
      <Unit filename="/home/tfjiang/usr/geo_sim_sdk/branches/jtflib/util/include/container_operation.h">
      </Unit>
      <Unit filename="/home/tfjiang/usr/geo_sim_sdk/branches/jtflib/util/include/util.h">
      </Unit>
      <Unit filename="/home/tfjiang/usr/geo_sim_sdk/branches/jtflib/util/include/vertex_connection.h">
      </Unit>
      <Unit filename="/home/tfjiang/usr/geo_sim_sdk/branches/jtflib/CMakeLists.txt">
          <Option virtualFolder="CMake Files\" />
      </Unit>
      <Unit filename="/home/tfjiang/usr/geo_sim_sdk/branches/jtflib/../../../share/cmake/Modules/geo_sim_sdk.cmake">
          <Option virtualFolder="CMake Files\..\..\..\share\cmake\Modules\" />
      </Unit>
      <Unit filename="/home/tfjiang/usr/geo_sim_sdk/branches/jtflib/../../../share/cmake/Modules/cmake_uninstall.cmake.in">
          <Option virtualFolder="CMake Files\..\..\..\share\cmake\Modules\" />
      </Unit>
      <Unit filename="/home/tfjiang/usr/geo_sim_sdk/branches/jtflib/../../../share/cmake/Modules/geo_sim_sdk.cmake">
          <Option virtualFolder="CMake Files\..\..\..\share\cmake\Modules\" />
      </Unit>
      <Unit filename="/home/tfjiang/usr/geo_sim_sdk/branches/jtflib/../../../share/cmake/Modules/cmake_uninstall.cmake.in">
          <Option virtualFolder="CMake Files\..\..\..\share\cmake\Modules\" />
      </Unit>
      <Unit filename="/home/tfjiang/usr/geo_sim_sdk/branches/jtflib/../../../share/cmake/Modules/geo_sim_sdk.cmake">
          <Option virtualFolder="CMake Files\..\..\..\share\cmake\Modules\" />
      </Unit>
      <Unit filename="/home/tfjiang/usr/geo_sim_sdk/branches/jtflib/../../../share/cmake/Modules/cmake_uninstall.cmake.in">
          <Option virtualFolder="CMake Files\..\..\..\share\cmake\Modules\" />
      </Unit>
      <Unit filename="/home/tfjiang/usr/geo_sim_sdk/branches/jtflib/../../../share/cmake/Modules/geo_sim_sdk.cmake">
          <Option virtualFolder="CMake Files\..\..\..\share\cmake\Modules\" />
      </Unit>
      <Unit filename="/home/tfjiang/usr/geo_sim_sdk/branches/jtflib/../../../share/cmake/Modules/cmake_uninstall.cmake.in">
          <Option virtualFolder="CMake Files\..\..\..\share\cmake\Modules\" />
      </Unit>
      <Unit filename="/home/tfjiang/usr/geo_sim_sdk/branches/jtflib/../../../share/cmake/Modules/geo_sim_sdk.cmake">
          <Option virtualFolder="CMake Files\..\..\..\share\cmake\Modules\" />
      </Unit>
      <Unit filename="/home/tfjiang/usr/geo_sim_sdk/branches/jtflib/../../../share/cmake/Modules/cmake_uninstall.cmake.in">
          <Option virtualFolder="CMake Files\..\..\..\share\cmake\Modules\" />
      </Unit>
      <Unit filename="/home/tfjiang/usr/geo_sim_sdk/branches/jtflib/../../../share/cmake/Modules/geo_sim_sdk.cmake">
          <Option virtualFolder="CMake Files\..\..\..\share\cmake\Modules\" />
      </Unit>
      <Unit filename="/home/tfjiang/usr/geo_sim_sdk/branches/jtflib/../../../share/cmake/Modules/cmake_uninstall.cmake.in">
          <Option virtualFolder="CMake Files\..\..\..\share\cmake\Modules\" />
      </Unit>
      <Unit filename="/home/tfjiang/usr/geo_sim_sdk/branches/jtflib/../../../share/cmake/Modules/geo_sim_sdk.cmake">
          <Option virtualFolder="CMake Files\..\..\..\share\cmake\Modules\" />
      </Unit>
      <Unit filename="/home/tfjiang/usr/geo_sim_sdk/branches/jtflib/../../../share/cmake/Modules/cmake_uninstall.cmake.in">
          <Option virtualFolder="CMake Files\..\..\..\share\cmake\Modules\" />
      </Unit>
      <Unit filename="/home/tfjiang/usr/geo_sim_sdk/branches/jtflib/../../../share/cmake/Modules/geo_sim_sdk.cmake">
          <Option virtualFolder="CMake Files\..\..\..\share\cmake\Modules\" />
      </Unit>
      <Unit filename="/home/tfjiang/usr/geo_sim_sdk/branches/jtflib/../../../share/cmake/Modules/cmake_uninstall.cmake.in">
          <Option virtualFolder="CMake Files\..\..\..\share\cmake\Modules\" />
      </Unit>
      <Unit filename="/home/tfjiang/usr/geo_sim_sdk/branches/jtflib/../../../share/cmake/Modules/geo_sim_sdk.cmake">
          <Option virtualFolder="CMake Files\..\..\..\share\cmake\Modules\" />
      </Unit>
      <Unit filename="/home/tfjiang/usr/geo_sim_sdk/branches/jtflib/../../../share/cmake/Modules/cmake_uninstall.cmake.in">
          <Option virtualFolder="CMake Files\..\..\..\share\cmake\Modules\" />
      </Unit>
      <Unit filename="/home/tfjiang/usr/geo_sim_sdk/branches/jtflib/../../../share/cmake/Modules/geo_sim_sdk.cmake">
          <Option virtualFolder="CMake Files\..\..\..\share\cmake\Modules\" />
      </Unit>
      <Unit filename="/home/tfjiang/usr/geo_sim_sdk/branches/jtflib/../../../share/cmake/Modules/cmake_uninstall.cmake.in">
          <Option virtualFolder="CMake Files\..\..\..\share\cmake\Modules\" />
      </Unit>
      <Unit filename="/home/tfjiang/usr/geo_sim_sdk/branches/jtflib/../../../share/cmake/Modules/geo_sim_sdk.cmake">
          <Option virtualFolder="CMake Files\..\..\..\share\cmake\Modules\" />
      </Unit>
      <Unit filename="/home/tfjiang/usr/geo_sim_sdk/branches/jtflib/../../../share/cmake/Modules/cmake_uninstall.cmake.in">
          <Option virtualFolder="CMake Files\..\..\..\share\cmake\Modules\" />
      </Unit>
      <Unit filename="/home/tfjiang/usr/geo_sim_sdk/branches/jtflib/../../../share/cmake/Modules/geo_sim_sdk.cmake">
          <Option virtualFolder="CMake Files\..\..\..\share\cmake\Modules\" />
      </Unit>
      <Unit filename="/home/tfjiang/usr/geo_sim_sdk/branches/jtflib/../../../share/cmake/Modules/cmake_uninstall.cmake.in">
          <Option virtualFolder="CMake Files\..\..\..\share\cmake\Modules\" />
      </Unit>
      <Unit filename="/home/tfjiang/usr/geo_sim_sdk/branches/jtflib/../../../share/cmake/Modules/geo_sim_sdk.cmake">
          <Option virtualFolder="CMake Files\..\..\..\share\cmake\Modules\" />
      </Unit>
      <Unit filename="/home/tfjiang/usr/geo_sim_sdk/branches/jtflib/../../../share/cmake/Modules/cmake_uninstall.cmake.in">
          <Option virtualFolder="CMake Files\..\..\..\share\cmake\Modules\" />
      </Unit>
      <Unit filename="/home/tfjiang/usr/geo_sim_sdk/branches/jtflib/util/CMakeLists.txt">
          <Option virtualFolder="CMake Files\util\" />
      </Unit>
      <Unit filename="/home/tfjiang/usr/geo_sim_sdk/branches/jtflib/util/CMakeLists.txt">
          <Option virtualFolder="CMake Files\util\" />
      </Unit>
      <Unit filename="/home/tfjiang/usr/geo_sim_sdk/branches/jtflib/mesh/CMakeLists.txt">
          <Option virtualFolder="CMake Files\mesh\" />
      </Unit>
      <Unit filename="/home/tfjiang/usr/geo_sim_sdk/branches/jtflib/mesh/CMakeLists.txt">
          <Option virtualFolder="CMake Files\mesh\" />
      </Unit>
      <Unit filename="/home/tfjiang/usr/geo_sim_sdk/branches/jtflib/mesh_function/CMakeLists.txt">
          <Option virtualFolder="CMake Files\mesh_function\" />
      </Unit>
      <Unit filename="/home/tfjiang/usr/geo_sim_sdk/branches/jtflib/mesh_function/CMakeLists.txt">
          <Option virtualFolder="CMake Files\mesh_function\" />
      </Unit>
      <Unit filename="/home/tfjiang/usr/geo_sim_sdk/branches/jtflib/algorithm/CMakeLists.txt">
          <Option virtualFolder="CMake Files\algorithm\" />
      </Unit>
      <Unit filename="/home/tfjiang/usr/geo_sim_sdk/branches/jtflib/algorithm/CMakeLists.txt">
          <Option virtualFolder="CMake Files\algorithm\" />
      </Unit>
      <Unit filename="/home/tfjiang/usr/geo_sim_sdk/branches/jtflib/algorithm/src/CMakeLists.txt">
          <Option virtualFolder="CMake Files\algorithm\src\" />
      </Unit>
      <Unit filename="/home/tfjiang/usr/geo_sim_sdk/branches/jtflib/algorithm/src/CMakeLists.txt">
          <Option virtualFolder="CMake Files\algorithm\src\" />
      </Unit>
      <Unit filename="/home/tfjiang/usr/geo_sim_sdk/branches/jtflib/function/CMakeLists.txt">
          <Option virtualFolder="CMake Files\function\" />
      </Unit>
      <Unit filename="/home/tfjiang/usr/geo_sim_sdk/branches/jtflib/function/CMakeLists.txt">
          <Option virtualFolder="CMake Files\function\" />
      </Unit>
      <Unit filename="/home/tfjiang/usr/geo_sim_sdk/branches/jtflib/function/include/CMakeLists.txt">
          <Option virtualFolder="CMake Files\function\include\" />
      </Unit>
      <Unit filename="/home/tfjiang/usr/geo_sim_sdk/branches/jtflib/function/include/CMakeLists.txt">
          <Option virtualFolder="CMake Files\function\include\" />
      </Unit>
      <Unit filename="/home/tfjiang/usr/geo_sim_sdk/branches/jtflib/function/src/CMakeLists.txt">
          <Option virtualFolder="CMake Files\function\src\" />
      </Unit>
      <Unit filename="/home/tfjiang/usr/geo_sim_sdk/branches/jtflib/function/src/CMakeLists.txt">
          <Option virtualFolder="CMake Files\function\src\" />
      </Unit>
      <Unit filename="/home/tfjiang/usr/geo_sim_sdk/branches/jtflib/optimizer/CMakeLists.txt">
          <Option virtualFolder="CMake Files\optimizer\" />
      </Unit>
      <Unit filename="/home/tfjiang/usr/geo_sim_sdk/branches/jtflib/optimizer/CMakeLists.txt">
          <Option virtualFolder="CMake Files\optimizer\" />
      </Unit>
      <Unit filename="/home/tfjiang/usr/geo_sim_sdk/branches/jtflib/optimizer/src/CMakeLists.txt">
          <Option virtualFolder="CMake Files\optimizer\src\" />
      </Unit>
      <Unit filename="/home/tfjiang/usr/geo_sim_sdk/branches/jtflib/optimizer/src/CMakeLists.txt">
          <Option virtualFolder="CMake Files\optimizer\src\" />
      </Unit>
      <Unit filename="/home/tfjiang/usr/geo_sim_sdk/branches/jtflib/optimizer/example/CMakeLists.txt">
          <Option virtualFolder="CMake Files\optimizer\example\" />
      </Unit>
      <Unit filename="/home/tfjiang/usr/geo_sim_sdk/branches/jtflib/optimizer/example/CMakeLists.txt">
          <Option virtualFolder="CMake Files\optimizer\example\" />
      </Unit>
      <Unit filename="/home/tfjiang/usr/geo_sim_sdk/branches/jtflib/math/CMakeLists.txt">
          <Option virtualFolder="CMake Files\math\" />
      </Unit>
      <Unit filename="/home/tfjiang/usr/geo_sim_sdk/branches/jtflib/math/CMakeLists.txt">
          <Option virtualFolder="CMake Files\math\" />
      </Unit>
   </Project>
</CodeBlocks_project_file>
